// !$*UTF8*$!
{
	archiveVersion = 1;
	classes = {
	};
	objectVersion = 56;
	objects = {

/* Begin PBXBuildFile section */
		745AA1BD2B3D856E003B0FFD /* SelectedItemModel.swift in Sources */ = {isa = PBXBuildFile; fileRef = 745AA1BC2B3D856E003B0FFD /* SelectedItemModel.swift */; };
		745AA1BF2B3D85B0003B0FFD /* NewIdentifantView.swift in Sources */ = {isa = PBXBuildFile; fileRef = 745AA1BE2B3D85B0003B0FFD /* NewIdentifantView.swift */; };
		745AA1C12B3DC814003B0FFD /* RoundedCorner.swift in Sources */ = {isa = PBXBuildFile; fileRef = 745AA1C02B3DC814003B0FFD /* RoundedCorner.swift */; };
		745AA1C32B3DC86D003B0FFD /* RoundedCornerStyle.swift in Sources */ = {isa = PBXBuildFile; fileRef = 745AA1C22B3DC86D003B0FFD /* RoundedCornerStyle.swift */; };
		745AA1C52B3DD64A003B0FFD /* IdentifiantsRowView.swift in Sources */ = {isa = PBXBuildFile; fileRef = 745AA1C42B3DD64A003B0FFD /* IdentifiantsRowView.swift */; };
		74C3B7862B3C7F2700404C27 /* erovidaApp.swift in Sources */ = {isa = PBXBuildFile; fileRef = 74C3B7852B3C7F2700404C27 /* erovidaApp.swift */; };
		74C3B7882B3C7F2700404C27 /* ContentView.swift in Sources */ = {isa = PBXBuildFile; fileRef = 74C3B7872B3C7F2700404C27 /* ContentView.swift */; };
		74C3B78A2B3C7F2C00404C27 /* Assets.xcassets in Resources */ = {isa = PBXBuildFile; fileRef = 74C3B7892B3C7F2C00404C27 /* Assets.xcassets */; };
		74C3B78D2B3C7F2C00404C27 /* Preview Assets.xcassets in Resources */ = {isa = PBXBuildFile; fileRef = 74C3B78C2B3C7F2C00404C27 /* Preview Assets.xcassets */; };
		74C3B7972B3C7F2C00404C27 /* erovidaTests.swift in Sources */ = {isa = PBXBuildFile; fileRef = 74C3B7962B3C7F2C00404C27 /* erovidaTests.swift */; };
		74C3B7A12B3C7F2C00404C27 /* erovidaUITests.swift in Sources */ = {isa = PBXBuildFile; fileRef = 74C3B7A02B3C7F2C00404C27 /* erovidaUITests.swift */; };
		74C3B7A32B3C7F2C00404C27 /* erovidaUITestsLaunchTests.swift in Sources */ = {isa = PBXBuildFile; fileRef = 74C3B7A22B3C7F2C00404C27 /* erovidaUITestsLaunchTests.swift */; };
		74C3B7B12B3C7F6A00404C27 /* LoginInView.swift in Sources */ = {isa = PBXBuildFile; fileRef = 74C3B7B02B3C7F6A00404C27 /* LoginInView.swift */; };
		74C3B7B42B3C84B400404C27 /* Color.swift in Sources */ = {isa = PBXBuildFile; fileRef = 74C3B7B32B3C84B400404C27 /* Color.swift */; };
		74C3B7B72B3C873500404C27 /* ButtonStyle.swift in Sources */ = {isa = PBXBuildFile; fileRef = 74C3B7B62B3C873500404C27 /* ButtonStyle.swift */; };
		74C3B7B92B3C8ADB00404C27 /* NewAccountView.swift in Sources */ = {isa = PBXBuildFile; fileRef = 74C3B7B82B3C8ADB00404C27 /* NewAccountView.swift */; };
		74C3B7BB2B3C8CB600404C27 /* LoginTextField.swift in Sources */ = {isa = PBXBuildFile; fileRef = 74C3B7BA2B3C8CB600404C27 /* LoginTextField.swift */; };
		74C3B7BE2B3C91CE00404C27 /* UpdateError.swift in Sources */ = {isa = PBXBuildFile; fileRef = 74C3B7BD2B3C91CE00404C27 /* UpdateError.swift */; };
		74C3B7C02B3C933F00404C27 /* SignInView.swift in Sources */ = {isa = PBXBuildFile; fileRef = 74C3B7BF2B3C933F00404C27 /* SignInView.swift */; };
		74C3B7C22B3C961F00404C27 /* CodeStyle.swift in Sources */ = {isa = PBXBuildFile; fileRef = 74C3B7C12B3C961F00404C27 /* CodeStyle.swift */; };
		74C3B7C42B3CB41300404C27 /* PasswordView.swift in Sources */ = {isa = PBXBuildFile; fileRef = 74C3B7C32B3CB41300404C27 /* PasswordView.swift */; };
		74C3B7C62B3CB8E700404C27 /* SelectItemView.swift in Sources */ = {isa = PBXBuildFile; fileRef = 74C3B7C52B3CB8E700404C27 /* SelectItemView.swift */; };
		74C3B7C92B3CBA2800404C27 /* SelectItemRows.swift in Sources */ = {isa = PBXBuildFile; fileRef = 74C3B7C82B3CBA2800404C27 /* SelectItemRows.swift */; };
/* End PBXBuildFile section */

/* Begin PBXContainerItemProxy section */
		74C3B7932B3C7F2C00404C27 /* PBXContainerItemProxy */ = {
			isa = PBXContainerItemProxy;
			containerPortal = 74C3B77A2B3C7F2700404C27 /* Project object */;
			proxyType = 1;
			remoteGlobalIDString = 74C3B7812B3C7F2700404C27;
			remoteInfo = erovida;
		};
		74C3B79D2B3C7F2C00404C27 /* PBXContainerItemProxy */ = {
			isa = PBXContainerItemProxy;
			containerPortal = 74C3B77A2B3C7F2700404C27 /* Project object */;
			proxyType = 1;
			remoteGlobalIDString = 74C3B7812B3C7F2700404C27;
			remoteInfo = erovida;
		};
/* End PBXContainerItemProxy section */

/* Begin PBXFileReference section */
		745AA1BC2B3D856E003B0FFD /* SelectedItemModel.swift */ = {isa = PBXFileReference; lastKnownFileType = sourcecode.swift; path = SelectedItemModel.swift; sourceTree = "<group>"; };
		745AA1BE2B3D85B0003B0FFD /* NewIdentifantView.swift */ = {isa = PBXFileReference; lastKnownFileType = sourcecode.swift; path = NewIdentifantView.swift; sourceTree = "<group>"; };
		745AA1C02B3DC814003B0FFD /* RoundedCorner.swift */ = {isa = PBXFileReference; lastKnownFileType = sourcecode.swift; path = RoundedCorner.swift; sourceTree = "<group>"; };
		745AA1C22B3DC86D003B0FFD /* RoundedCornerStyle.swift */ = {isa = PBXFileReference; lastKnownFileType = sourcecode.swift; path = RoundedCornerStyle.swift; sourceTree = "<group>"; };
		745AA1C42B3DD64A003B0FFD /* IdentifiantsRowView.swift */ = {isa = PBXFileReference; lastKnownFileType = sourcecode.swift; path = IdentifiantsRowView.swift; sourceTree = "<group>"; };
		74C3B7822B3C7F2700404C27 /* erovida.app */ = {isa = PBXFileReference; explicitFileType = wrapper.application; includeInIndex = 0; path = erovida.app; sourceTree = BUILT_PRODUCTS_DIR; };
		74C3B7852B3C7F2700404C27 /* erovidaApp.swift */ = {isa = PBXFileReference; lastKnownFileType = sourcecode.swift; path = erovidaApp.swift; sourceTree = "<group>"; };
		74C3B7872B3C7F2700404C27 /* ContentView.swift */ = {isa = PBXFileReference; lastKnownFileType = sourcecode.swift; path = ContentView.swift; sourceTree = "<group>"; };
		74C3B7892B3C7F2C00404C27 /* Assets.xcassets */ = {isa = PBXFileReference; lastKnownFileType = folder.assetcatalog; path = Assets.xcassets; sourceTree = "<group>"; };
		74C3B78C2B3C7F2C00404C27 /* Preview Assets.xcassets */ = {isa = PBXFileReference; lastKnownFileType = folder.assetcatalog; path = "Preview Assets.xcassets"; sourceTree = "<group>"; };
		74C3B7922B3C7F2C00404C27 /* erovidaTests.xctest */ = {isa = PBXFileReference; explicitFileType = wrapper.cfbundle; includeInIndex = 0; path = erovidaTests.xctest; sourceTree = BUILT_PRODUCTS_DIR; };
		74C3B7962B3C7F2C00404C27 /* erovidaTests.swift */ = {isa = PBXFileReference; lastKnownFileType = sourcecode.swift; path = erovidaTests.swift; sourceTree = "<group>"; };
		74C3B79C2B3C7F2C00404C27 /* erovidaUITests.xctest */ = {isa = PBXFileReference; explicitFileType = wrapper.cfbundle; includeInIndex = 0; path = erovidaUITests.xctest; sourceTree = BUILT_PRODUCTS_DIR; };
		74C3B7A02B3C7F2C00404C27 /* erovidaUITests.swift */ = {isa = PBXFileReference; lastKnownFileType = sourcecode.swift; path = erovidaUITests.swift; sourceTree = "<group>"; };
		74C3B7A22B3C7F2C00404C27 /* erovidaUITestsLaunchTests.swift */ = {isa = PBXFileReference; lastKnownFileType = sourcecode.swift; path = erovidaUITestsLaunchTests.swift; sourceTree = "<group>"; };
		74C3B7B02B3C7F6A00404C27 /* LoginInView.swift */ = {isa = PBXFileReference; lastKnownFileType = sourcecode.swift; path = LoginInView.swift; sourceTree = "<group>"; };
		74C3B7B32B3C84B400404C27 /* Color.swift */ = {isa = PBXFileReference; lastKnownFileType = sourcecode.swift; path = Color.swift; sourceTree = "<group>"; };
		74C3B7B62B3C873500404C27 /* ButtonStyle.swift */ = {isa = PBXFileReference; lastKnownFileType = sourcecode.swift; path = ButtonStyle.swift; sourceTree = "<group>"; };
		74C3B7B82B3C8ADB00404C27 /* NewAccountView.swift */ = {isa = PBXFileReference; lastKnownFileType = sourcecode.swift; path = NewAccountView.swift; sourceTree = "<group>"; };
		74C3B7BA2B3C8CB600404C27 /* LoginTextField.swift */ = {isa = PBXFileReference; lastKnownFileType = sourcecode.swift; path = LoginTextField.swift; sourceTree = "<group>"; };
		74C3B7BD2B3C91CE00404C27 /* UpdateError.swift */ = {isa = PBXFileReference; lastKnownFileType = sourcecode.swift; path = UpdateError.swift; sourceTree = "<group>"; };
		74C3B7BF2B3C933F00404C27 /* SignInView.swift */ = {isa = PBXFileReference; lastKnownFileType = sourcecode.swift; path = SignInView.swift; sourceTree = "<group>"; };
		74C3B7C12B3C961F00404C27 /* CodeStyle.swift */ = {isa = PBXFileReference; lastKnownFileType = sourcecode.swift; path = CodeStyle.swift; sourceTree = "<group>"; };
		74C3B7C32B3CB41300404C27 /* PasswordView.swift */ = {isa = PBXFileReference; lastKnownFileType = sourcecode.swift; path = PasswordView.swift; sourceTree = "<group>"; };
		74C3B7C52B3CB8E700404C27 /* SelectItemView.swift */ = {isa = PBXFileReference; lastKnownFileType = sourcecode.swift; path = SelectItemView.swift; sourceTree = "<group>"; };
		74C3B7C82B3CBA2800404C27 /* SelectItemRows.swift */ = {isa = PBXFileReference; lastKnownFileType = sourcecode.swift; path = SelectItemRows.swift; sourceTree = "<group>"; };
/* End PBXFileReference section */

/* Begin PBXFrameworksBuildPhase section */
		74C3B77F2B3C7F2700404C27 /* Frameworks */ = {
			isa = PBXFrameworksBuildPhase;
			buildActionMask = 2147483647;
			files = (
			);
			runOnlyForDeploymentPostprocessing = 0;
		};
		74C3B78F2B3C7F2C00404C27 /* Frameworks */ = {
			isa = PBXFrameworksBuildPhase;
			buildActionMask = 2147483647;
			files = (
			);
			runOnlyForDeploymentPostprocessing = 0;
		};
		74C3B7992B3C7F2C00404C27 /* Frameworks */ = {
			isa = PBXFrameworksBuildPhase;
			buildActionMask = 2147483647;
			files = (
			);
			runOnlyForDeploymentPostprocessing = 0;
		};
/* End PBXFrameworksBuildPhase section */

/* Begin PBXGroup section */
		745AA1BB2B3D855D003B0FFD /* Models */ = {
			isa = PBXGroup;
			children = (
				745AA1BC2B3D856E003B0FFD /* SelectedItemModel.swift */,
			);
			path = Models;
			sourceTree = "<group>";
		};
		74C3B7792B3C7F2700404C27 = {
			isa = PBXGroup;
			children = (
				74C3B7842B3C7F2700404C27 /* erovida */,
				74C3B7952B3C7F2C00404C27 /* erovidaTests */,
				74C3B79F2B3C7F2C00404C27 /* erovidaUITests */,
				74C3B7832B3C7F2700404C27 /* Products */,
			);
			sourceTree = "<group>";
		};
		74C3B7832B3C7F2700404C27 /* Products */ = {
			isa = PBXGroup;
			children = (
				74C3B7822B3C7F2700404C27 /* erovida.app */,
				74C3B7922B3C7F2C00404C27 /* erovidaTests.xctest */,
				74C3B79C2B3C7F2C00404C27 /* erovidaUITests.xctest */,
			);
			name = Products;
			sourceTree = "<group>";
		};
		74C3B7842B3C7F2700404C27 /* erovida */ = {
			isa = PBXGroup;
			children = (
				745AA1BB2B3D855D003B0FFD /* Models */,
				74C3B7C72B3CBA1800404C27 /* Rows */,
				74C3B7BC2B3C91BF00404C27 /* Funcs */,
				74C3B7B52B3C872500404C27 /* Styles */,
				74C3B7B22B3C84A300404C27 /* Extensions */,
				74C3B7AF2B3C7F4900404C27 /* Views */,
				74C3B7852B3C7F2700404C27 /* erovidaApp.swift */,
				74C3B7872B3C7F2700404C27 /* ContentView.swift */,
				74C3B7892B3C7F2C00404C27 /* Assets.xcassets */,
				74C3B78B2B3C7F2C00404C27 /* Preview Content */,
			);
			path = erovida;
			sourceTree = "<group>";
		};
		74C3B78B2B3C7F2C00404C27 /* Preview Content */ = {
			isa = PBXGroup;
			children = (
				74C3B78C2B3C7F2C00404C27 /* Preview Assets.xcassets */,
			);
			path = "Preview Content";
			sourceTree = "<group>";
		};
		74C3B7952B3C7F2C00404C27 /* erovidaTests */ = {
			isa = PBXGroup;
			children = (
				74C3B7962B3C7F2C00404C27 /* erovidaTests.swift */,
			);
			path = erovidaTests;
			sourceTree = "<group>";
		};
		74C3B79F2B3C7F2C00404C27 /* erovidaUITests */ = {
			isa = PBXGroup;
			children = (
				74C3B7A02B3C7F2C00404C27 /* erovidaUITests.swift */,
				74C3B7A22B3C7F2C00404C27 /* erovidaUITestsLaunchTests.swift */,
			);
			path = erovidaUITests;
			sourceTree = "<group>";
		};
		74C3B7AF2B3C7F4900404C27 /* Views */ = {
			isa = PBXGroup;
			children = (
				74C3B7B02B3C7F6A00404C27 /* LoginInView.swift */,
				74C3B7B82B3C8ADB00404C27 /* NewAccountView.swift */,
				74C3B7BF2B3C933F00404C27 /* SignInView.swift */,
				74C3B7C32B3CB41300404C27 /* PasswordView.swift */,
				74C3B7C52B3CB8E700404C27 /* SelectItemView.swift */,
				745AA1BE2B3D85B0003B0FFD /* NewIdentifantView.swift */,
			);
			path = Views;
			sourceTree = "<group>";
		};
		74C3B7B22B3C84A300404C27 /* Extensions */ = {
			isa = PBXGroup;
			children = (
				74C3B7B32B3C84B400404C27 /* Color.swift */,
				745AA1C02B3DC814003B0FFD /* RoundedCorner.swift */,
			);
			path = Extensions;
			sourceTree = "<group>";
		};
		74C3B7B52B3C872500404C27 /* Styles */ = {
			isa = PBXGroup;
			children = (
				74C3B7B62B3C873500404C27 /* ButtonStyle.swift */,
				74C3B7BA2B3C8CB600404C27 /* LoginTextField.swift */,
				74C3B7C12B3C961F00404C27 /* CodeStyle.swift */,
				745AA1C22B3DC86D003B0FFD /* RoundedCornerStyle.swift */,
			);
			path = Styles;
			sourceTree = "<group>";
		};
		74C3B7BC2B3C91BF00404C27 /* Funcs */ = {
			isa = PBXGroup;
			children = (
				74C3B7BD2B3C91CE00404C27 /* UpdateError.swift */,
			);
			path = Funcs;
			sourceTree = "<group>";
		};
		74C3B7C72B3CBA1800404C27 /* Rows */ = {
			isa = PBXGroup;
			children = (
				74C3B7C82B3CBA2800404C27 /* SelectItemRows.swift */,
				745AA1C42B3DD64A003B0FFD /* IdentifiantsRowView.swift */,
			);
			path = Rows;
			sourceTree = "<group>";
		};
/* End PBXGroup section */

/* Begin PBXNativeTarget section */
		74C3B7812B3C7F2700404C27 /* erovida */ = {
			isa = PBXNativeTarget;
			buildConfigurationList = 74C3B7A62B3C7F2C00404C27 /* Build configuration list for PBXNativeTarget "erovida" */;
			buildPhases = (
				74C3B77E2B3C7F2700404C27 /* Sources */,
				74C3B77F2B3C7F2700404C27 /* Frameworks */,
				74C3B7802B3C7F2700404C27 /* Resources */,
			);
			buildRules = (
			);
			dependencies = (
			);
			name = erovida;
			productName = erovida;
			productReference = 74C3B7822B3C7F2700404C27 /* erovida.app */;
			productType = "com.apple.product-type.application";
		};
		74C3B7912B3C7F2C00404C27 /* erovidaTests */ = {
			isa = PBXNativeTarget;
			buildConfigurationList = 74C3B7A92B3C7F2C00404C27 /* Build configuration list for PBXNativeTarget "erovidaTests" */;
			buildPhases = (
				74C3B78E2B3C7F2C00404C27 /* Sources */,
				74C3B78F2B3C7F2C00404C27 /* Frameworks */,
				74C3B7902B3C7F2C00404C27 /* Resources */,
			);
			buildRules = (
			);
			dependencies = (
				74C3B7942B3C7F2C00404C27 /* PBXTargetDependency */,
			);
			name = erovidaTests;
			productName = erovidaTests;
			productReference = 74C3B7922B3C7F2C00404C27 /* erovidaTests.xctest */;
			productType = "com.apple.product-type.bundle.unit-test";
		};
		74C3B79B2B3C7F2C00404C27 /* erovidaUITests */ = {
			isa = PBXNativeTarget;
			buildConfigurationList = 74C3B7AC2B3C7F2C00404C27 /* Build configuration list for PBXNativeTarget "erovidaUITests" */;
			buildPhases = (
				74C3B7982B3C7F2C00404C27 /* Sources */,
				74C3B7992B3C7F2C00404C27 /* Frameworks */,
				74C3B79A2B3C7F2C00404C27 /* Resources */,
			);
			buildRules = (
			);
			dependencies = (
				74C3B79E2B3C7F2C00404C27 /* PBXTargetDependency */,
			);
			name = erovidaUITests;
			productName = erovidaUITests;
			productReference = 74C3B79C2B3C7F2C00404C27 /* erovidaUITests.xctest */;
			productType = "com.apple.product-type.bundle.ui-testing";
		};
/* End PBXNativeTarget section */

/* Begin PBXProject section */
		74C3B77A2B3C7F2700404C27 /* Project object */ = {
			isa = PBXProject;
			attributes = {
				BuildIndependentTargetsInParallel = 1;
				LastSwiftUpdateCheck = 1430;
				LastUpgradeCheck = 1430;
				TargetAttributes = {
					74C3B7812B3C7F2700404C27 = {
						CreatedOnToolsVersion = 14.3.1;
					};
					74C3B7912B3C7F2C00404C27 = {
						CreatedOnToolsVersion = 14.3.1;
						TestTargetID = 74C3B7812B3C7F2700404C27;
					};
					74C3B79B2B3C7F2C00404C27 = {
						CreatedOnToolsVersion = 14.3.1;
						TestTargetID = 74C3B7812B3C7F2700404C27;
					};
				};
			};
			buildConfigurationList = 74C3B77D2B3C7F2700404C27 /* Build configuration list for PBXProject "erovida" */;
			compatibilityVersion = "Xcode 14.0";
			developmentRegion = en;
			hasScannedForEncodings = 0;
			knownRegions = (
				en,
				Base,
			);
			mainGroup = 74C3B7792B3C7F2700404C27;
			productRefGroup = 74C3B7832B3C7F2700404C27 /* Products */;
			projectDirPath = "";
			projectRoot = "";
			targets = (
				74C3B7812B3C7F2700404C27 /* erovida */,
				74C3B7912B3C7F2C00404C27 /* erovidaTests */,
				74C3B79B2B3C7F2C00404C27 /* erovidaUITests */,
			);
		};
/* End PBXProject section */

/* Begin PBXResourcesBuildPhase section */
		74C3B7802B3C7F2700404C27 /* Resources */ = {
			isa = PBXResourcesBuildPhase;
			buildActionMask = 2147483647;
			files = (
				74C3B78D2B3C7F2C00404C27 /* Preview Assets.xcassets in Resources */,
				74C3B78A2B3C7F2C00404C27 /* Assets.xcassets in Resources */,
			);
			runOnlyForDeploymentPostprocessing = 0;
		};
		74C3B7902B3C7F2C00404C27 /* Resources */ = {
			isa = PBXResourcesBuildPhase;
			buildActionMask = 2147483647;
			files = (
			);
			runOnlyForDeploymentPostprocessing = 0;
		};
		74C3B79A2B3C7F2C00404C27 /* Resources */ = {
			isa = PBXResourcesBuildPhase;
			buildActionMask = 2147483647;
			files = (
			);
			runOnlyForDeploymentPostprocessing = 0;
		};
/* End PBXResourcesBuildPhase section */

/* Begin PBXSourcesBuildPhase section */
		74C3B77E2B3C7F2700404C27 /* Sources */ = {
			isa = PBXSourcesBuildPhase;
			buildActionMask = 2147483647;
			files = (
				745AA1C32B3DC86D003B0FFD /* RoundedCornerStyle.swift in Sources */,
				74C3B7C02B3C933F00404C27 /* SignInView.swift in Sources */,
				745AA1BF2B3D85B0003B0FFD /* NewIdentifantView.swift in Sources */,
				74C3B7C62B3CB8E700404C27 /* SelectItemView.swift in Sources */,
				74C3B7C42B3CB41300404C27 /* PasswordView.swift in Sources */,
				74C3B7B12B3C7F6A00404C27 /* LoginInView.swift in Sources */,
				74C3B7BE2B3C91CE00404C27 /* UpdateError.swift in Sources */,
				74C3B7B92B3C8ADB00404C27 /* NewAccountView.swift in Sources */,
				74C3B7C22B3C961F00404C27 /* CodeStyle.swift in Sources */,
				745AA1C12B3DC814003B0FFD /* RoundedCorner.swift in Sources */,
				74C3B7B42B3C84B400404C27 /* Color.swift in Sources */,
				74C3B7882B3C7F2700404C27 /* ContentView.swift in Sources */,
				745AA1BD2B3D856E003B0FFD /* SelectedItemModel.swift in Sources */,
				74C3B7C92B3CBA2800404C27 /* SelectItemRows.swift in Sources */,
				74C3B7B72B3C873500404C27 /* ButtonStyle.swift in Sources */,
				74C3B7862B3C7F2700404C27 /* erovidaApp.swift in Sources */,
				74C3B7BB2B3C8CB600404C27 /* LoginTextField.swift in Sources */,
				745AA1C52B3DD64A003B0FFD /* IdentifiantsRowView.swift in Sources */,
			);
			runOnlyForDeploymentPostprocessing = 0;
		};
		74C3B78E2B3C7F2C00404C27 /* Sources */ = {
			isa = PBXSourcesBuildPhase;
			buildActionMask = 2147483647;
			files = (
				74C3B7972B3C7F2C00404C27 /* erovidaTests.swift in Sources */,
			);
			runOnlyForDeploymentPostprocessing = 0;
		};
		74C3B7982B3C7F2C00404C27 /* Sources */ = {
			isa = PBXSourcesBuildPhase;
			buildActionMask = 2147483647;
			files = (
				74C3B7A12B3C7F2C00404C27 /* erovidaUITests.swift in Sources */,
				74C3B7A32B3C7F2C00404C27 /* erovidaUITestsLaunchTests.swift in Sources */,
			);
			runOnlyForDeploymentPostprocessing = 0;
		};
/* End PBXSourcesBuildPhase section */

/* Begin PBXTargetDependency section */
		74C3B7942B3C7F2C00404C27 /* PBXTargetDependency */ = {
			isa = PBXTargetDependency;
			target = 74C3B7812B3C7F2700404C27 /* erovida */;
			targetProxy = 74C3B7932B3C7F2C00404C27 /* PBXContainerItemProxy */;
		};
		74C3B79E2B3C7F2C00404C27 /* PBXTargetDependency */ = {
			isa = PBXTargetDependency;
			target = 74C3B7812B3C7F2700404C27 /* erovida */;
			targetProxy = 74C3B79D2B3C7F2C00404C27 /* PBXContainerItemProxy */;
		};
/* End PBXTargetDependency section */

/* Begin XCBuildConfiguration section */
		74C3B7A42B3C7F2C00404C27 /* Debug */ = {
			isa = XCBuildConfiguration;
			buildSettings = {
				ALWAYS_SEARCH_USER_PATHS = NO;
				CLANG_ANALYZER_NONNULL = YES;
				CLANG_ANALYZER_NUMBER_OBJECT_CONVERSION = YES_AGGRESSIVE;
				CLANG_CXX_LANGUAGE_STANDARD = "gnu++20";
				CLANG_ENABLE_MODULES = YES;
				CLANG_ENABLE_OBJC_ARC = YES;
				CLANG_ENABLE_OBJC_WEAK = YES;
				CLANG_WARN_BLOCK_CAPTURE_AUTORELEASING = YES;
				CLANG_WARN_BOOL_CONVERSION = YES;
				CLANG_WARN_COMMA = YES;
				CLANG_WARN_CONSTANT_CONVERSION = YES;
				CLANG_WARN_DEPRECATED_OBJC_IMPLEMENTATIONS = YES;
				CLANG_WARN_DIRECT_OBJC_ISA_USAGE = YES_ERROR;
				CLANG_WARN_DOCUMENTATION_COMMENTS = YES;
				CLANG_WARN_EMPTY_BODY = YES;
				CLANG_WARN_ENUM_CONVERSION = YES;
				CLANG_WARN_INFINITE_RECURSION = YES;
				CLANG_WARN_INT_CONVERSION = YES;
				CLANG_WARN_NON_LITERAL_NULL_CONVERSION = YES;
				CLANG_WARN_OBJC_IMPLICIT_RETAIN_SELF = YES;
				CLANG_WARN_OBJC_LITERAL_CONVERSION = YES;
				CLANG_WARN_OBJC_ROOT_CLASS = YES_ERROR;
				CLANG_WARN_QUOTED_INCLUDE_IN_FRAMEWORK_HEADER = YES;
				CLANG_WARN_RANGE_LOOP_ANALYSIS = YES;
				CLANG_WARN_STRICT_PROTOTYPES = YES;
				CLANG_WARN_SUSPICIOUS_MOVE = YES;
				CLANG_WARN_UNGUARDED_AVAILABILITY = YES_AGGRESSIVE;
				CLANG_WARN_UNREACHABLE_CODE = YES;
				CLANG_WARN__DUPLICATE_METHOD_MATCH = YES;
				COPY_PHASE_STRIP = NO;
				DEBUG_INFORMATION_FORMAT = dwarf;
				ENABLE_STRICT_OBJC_MSGSEND = YES;
				ENABLE_TESTABILITY = YES;
				GCC_C_LANGUAGE_STANDARD = gnu11;
				GCC_DYNAMIC_NO_PIC = NO;
				GCC_NO_COMMON_BLOCKS = YES;
				GCC_OPTIMIZATION_LEVEL = 0;
				GCC_PREPROCESSOR_DEFINITIONS = (
					"DEBUG=1",
					"$(inherited)",
				);
				GCC_WARN_64_TO_32_BIT_CONVERSION = YES;
				GCC_WARN_ABOUT_RETURN_TYPE = YES_ERROR;
				GCC_WARN_UNDECLARED_SELECTOR = YES;
				GCC_WARN_UNINITIALIZED_AUTOS = YES_AGGRESSIVE;
				GCC_WARN_UNUSED_FUNCTION = YES;
				GCC_WARN_UNUSED_VARIABLE = YES;
				IPHONEOS_DEPLOYMENT_TARGET = 16.4;
				MTL_ENABLE_DEBUG_INFO = INCLUDE_SOURCE;
				MTL_FAST_MATH = YES;
				ONLY_ACTIVE_ARCH = YES;
				SDKROOT = iphoneos;
				SWIFT_ACTIVE_COMPILATION_CONDITIONS = DEBUG;
				SWIFT_OPTIMIZATION_LEVEL = "-Onone";
			};
			name = Debug;
		};
		74C3B7A52B3C7F2C00404C27 /* Release */ = {
			isa = XCBuildConfiguration;
			buildSettings = {
				ALWAYS_SEARCH_USER_PATHS = NO;
				CLANG_ANALYZER_NONNULL = YES;
				CLANG_ANALYZER_NUMBER_OBJECT_CONVERSION = YES_AGGRESSIVE;
				CLANG_CXX_LANGUAGE_STANDARD = "gnu++20";
				CLANG_ENABLE_MODULES = YES;
				CLANG_ENABLE_OBJC_ARC = YES;
				CLANG_ENABLE_OBJC_WEAK = YES;
				CLANG_WARN_BLOCK_CAPTURE_AUTORELEASING = YES;
				CLANG_WARN_BOOL_CONVERSION = YES;
				CLANG_WARN_COMMA = YES;
				CLANG_WARN_CONSTANT_CONVERSION = YES;
				CLANG_WARN_DEPRECATED_OBJC_IMPLEMENTATIONS = YES;
				CLANG_WARN_DIRECT_OBJC_ISA_USAGE = YES_ERROR;
				CLANG_WARN_DOCUMENTATION_COMMENTS = YES;
				CLANG_WARN_EMPTY_BODY = YES;
				CLANG_WARN_ENUM_CONVERSION = YES;
				CLANG_WARN_INFINITE_RECURSION = YES;
				CLANG_WARN_INT_CONVERSION = YES;
				CLANG_WARN_NON_LITERAL_NULL_CONVERSION = YES;
				CLANG_WARN_OBJC_IMPLICIT_RETAIN_SELF = YES;
				CLANG_WARN_OBJC_LITERAL_CONVERSION = YES;
				CLANG_WARN_OBJC_ROOT_CLASS = YES_ERROR;
				CLANG_WARN_QUOTED_INCLUDE_IN_FRAMEWORK_HEADER = YES;
				CLANG_WARN_RANGE_LOOP_ANALYSIS = YES;
				CLANG_WARN_STRICT_PROTOTYPES = YES;
				CLANG_WARN_SUSPICIOUS_MOVE = YES;
				CLANG_WARN_UNGUARDED_AVAILABILITY = YES_AGGRESSIVE;
				CLANG_WARN_UNREACHABLE_CODE = YES;
				CLANG_WARN__DUPLICATE_METHOD_MATCH = YES;
				COPY_PHASE_STRIP = NO;
				DEBUG_INFORMATION_FORMAT = "dwarf-with-dsym";
				ENABLE_NS_ASSERTIONS = NO;
				ENABLE_STRICT_OBJC_MSGSEND = YES;
				GCC_C_LANGUAGE_STANDARD = gnu11;
				GCC_NO_COMMON_BLOCKS = YES;
				GCC_WARN_64_TO_32_BIT_CONVERSION = YES;
				GCC_WARN_ABOUT_RETURN_TYPE = YES_ERROR;
				GCC_WARN_UNDECLARED_SELECTOR = YES;
				GCC_WARN_UNINITIALIZED_AUTOS = YES_AGGRESSIVE;
				GCC_WARN_UNUSED_FUNCTION = YES;
				GCC_WARN_UNUSED_VARIABLE = YES;
				IPHONEOS_DEPLOYMENT_TARGET = 16.4;
				MTL_ENABLE_DEBUG_INFO = NO;
				MTL_FAST_MATH = YES;
				SDKROOT = iphoneos;
				SWIFT_COMPILATION_MODE = wholemodule;
				SWIFT_OPTIMIZATION_LEVEL = "-O";
				VALIDATE_PRODUCT = YES;
			};
			name = Release;
		};
		74C3B7A72B3C7F2C00404C27 /* Debug */ = {
			isa = XCBuildConfiguration;
			buildSettings = {
				ASSETCATALOG_COMPILER_APPICON_NAME = AppIcon;
				ASSETCATALOG_COMPILER_GLOBAL_ACCENT_COLOR_NAME = AccentColor;
				CODE_SIGN_STYLE = Automatic;
				CURRENT_PROJECT_VERSION = 1;
				DEVELOPMENT_ASSET_PATHS = "\"erovida/Preview Content\"";
				ENABLE_PREVIEWS = YES;
				GENERATE_INFOPLIST_FILE = YES;
				INFOPLIST_KEY_UIApplicationSceneManifest_Generation = YES;
				INFOPLIST_KEY_UIApplicationSupportsIndirectInputEvents = YES;
				INFOPLIST_KEY_UILaunchScreen_Generation = YES;
				INFOPLIST_KEY_UISupportedInterfaceOrientations_iPad = "UIInterfaceOrientationPortrait UIInterfaceOrientationPortraitUpsideDown UIInterfaceOrientationLandscapeLeft UIInterfaceOrientationLandscapeRight";
				INFOPLIST_KEY_UISupportedInterfaceOrientations_iPhone = "UIInterfaceOrientationPortrait UIInterfaceOrientationLandscapeLeft UIInterfaceOrientationLandscapeRight";
				LD_RUNPATH_SEARCH_PATHS = (
					"$(inherited)",
					"@executable_path/Frameworks",
				);
				MARKETING_VERSION = 1.0;
				PRODUCT_BUNDLE_IDENTIFIER = ios.erovida;
				PRODUCT_NAME = "$(TARGET_NAME)";
				SWIFT_EMIT_LOC_STRINGS = YES;
				SWIFT_VERSION = 5.0;
				TARGETED_DEVICE_FAMILY = "1,2";
			};
			name = Debug;
		};
		74C3B7A82B3C7F2C00404C27 /* Release */ = {
			isa = XCBuildConfiguration;
			buildSettings = {
				ASSETCATALOG_COMPILER_APPICON_NAME = AppIcon;
				ASSETCATALOG_COMPILER_GLOBAL_ACCENT_COLOR_NAME = AccentColor;
				CODE_SIGN_STYLE = Automatic;
				CURRENT_PROJECT_VERSION = 1;
				DEVELOPMENT_ASSET_PATHS = "\"erovida/Preview Content\"";
				ENABLE_PREVIEWS = YES;
				GENERATE_INFOPLIST_FILE = YES;
				INFOPLIST_KEY_UIApplicationSceneManifest_Generation = YES;
				INFOPLIST_KEY_UIApplicationSupportsIndirectInputEvents = YES;
				INFOPLIST_KEY_UILaunchScreen_Generation = YES;
				INFOPLIST_KEY_UISupportedInterfaceOrientations_iPad = "UIInterfaceOrientationPortrait UIInterfaceOrientationPortraitUpsideDown UIInterfaceOrientationLandscapeLeft UIInterfaceOrientationLandscapeRight";
				INFOPLIST_KEY_UISupportedInterfaceOrientations_iPhone = "UIInterfaceOrientationPortrait UIInterfaceOrientationLandscapeLeft UIInterfaceOrientationLandscapeRight";
				LD_RUNPATH_SEARCH_PATHS = (
					"$(inherited)",
					"@executable_path/Frameworks",
				);
				MARKETING_VERSION = 1.0;
				PRODUCT_BUNDLE_IDENTIFIER = ios.erovida;
				PRODUCT_NAME = "$(TARGET_NAME)";
				SWIFT_EMIT_LOC_STRINGS = YES;
				SWIFT_VERSION = 5.0;
				TARGETED_DEVICE_FAMILY = "1,2";
			};
			name = Release;
		};
		74C3B7AA2B3C7F2C00404C27 /* Debug */ = {
			isa = XCBuildConfiguration;
			buildSettings = {
				ALWAYS_EMBED_SWIFT_STANDARD_LIBRARIES = YES;
				BUNDLE_LOADER = "$(TEST_HOST)";
				CODE_SIGN_STYLE = Automatic;
				CURRENT_PROJECT_VERSION = 1;
				GENERATE_INFOPLIST_FILE = YES;
				IPHONEOS_DEPLOYMENT_TARGET = 16.4;
				MARKETING_VERSION = 1.0;
				PRODUCT_BUNDLE_IDENTIFIER = ios.erovidaTests;
				PRODUCT_NAME = "$(TARGET_NAME)";
				SWIFT_EMIT_LOC_STRINGS = NO;
				SWIFT_VERSION = 5.0;
				TARGETED_DEVICE_FAMILY = "1,2";
				TEST_HOST = "$(BUILT_PRODUCTS_DIR)/erovida.app/$(BUNDLE_EXECUTABLE_FOLDER_PATH)/erovida";
			};
			name = Debug;
		};
		74C3B7AB2B3C7F2C00404C27 /* Release */ = {
			isa = XCBuildConfiguration;
			buildSettings = {
				ALWAYS_EMBED_SWIFT_STANDARD_LIBRARIES = YES;
				BUNDLE_LOADER = "$(TEST_HOST)";
				CODE_SIGN_STYLE = Automatic;
				CURRENT_PROJECT_VERSION = 1;
				GENERATE_INFOPLIST_FILE = YES;
				IPHONEOS_DEPLOYMENT_TARGET = 16.4;
				MARKETING_VERSION = 1.0;
				PRODUCT_BUNDLE_IDENTIFIER = ios.erovidaTests;
				PRODUCT_NAME = "$(TARGET_NAME)";
				SWIFT_EMIT_LOC_STRINGS = NO;
				SWIFT_VERSION = 5.0;
				TARGETED_DEVICE_FAMILY = "1,2";
				TEST_HOST = "$(BUILT_PRODUCTS_DIR)/erovida.app/$(BUNDLE_EXECUTABLE_FOLDER_PATH)/erovida";
			};
			name = Release;
		};
		74C3B7AD2B3C7F2C00404C27 /* Debug */ = {
			isa = XCBuildConfiguration;
			buildSettings = {
				ALWAYS_EMBED_SWIFT_STANDARD_LIBRARIES = YES;
				CODE_SIGN_STYLE = Automatic;
				CURRENT_PROJECT_VERSION = 1;
				GENERATE_INFOPLIST_FILE = YES;
				MARKETING_VERSION = 1.0;
				PRODUCT_BUNDLE_IDENTIFIER = ios.erovidaUITests;
				PRODUCT_NAME = "$(TARGET_NAME)";
				SWIFT_EMIT_LOC_STRINGS = NO;
				SWIFT_VERSION = 5.0;
				TARGETED_DEVICE_FAMILY = "1,2";
				TEST_TARGET_NAME = erovida;
			};
			name = Debug;
		};
		74C3B7AE2B3C7F2C00404C27 /* Release */ = {
			isa = XCBuildConfiguration;
			buildSettings = {
				ALWAYS_EMBED_SWIFT_STANDARD_LIBRARIES = YES;
				CODE_SIGN_STYLE = Automatic;
				CURRENT_PROJECT_VERSION = 1;
				GENERATE_INFOPLIST_FILE = YES;
				MARKETING_VERSION = 1.0;
				PRODUCT_BUNDLE_IDENTIFIER = ios.erovidaUITests;
				PRODUCT_NAME = "$(TARGET_NAME)";
				SWIFT_EMIT_LOC_STRINGS = NO;
				SWIFT_VERSION = 5.0;
				TARGETED_DEVICE_FAMILY = "1,2";
				TEST_TARGET_NAME = erovida;
			};
			name = Release;
		};
/* End XCBuildConfiguration section */

/* Begin XCConfigurationList section */
		74C3B77D2B3C7F2700404C27 /* Build configuration list for PBXProject "erovida" */ = {
			isa = XCConfigurationList;
			buildConfigurations = (
				74C3B7A42B3C7F2C00404C27 /* Debug */,
				74C3B7A52B3C7F2C00404C27 /* Release */,
			);
			defaultConfigurationIsVisible = 0;
			defaultConfigurationName = Release;
		};
		74C3B7A62B3C7F2C00404C27 /* Build configuration list for PBXNativeTarget "erovida" */ = {
			isa = XCConfigurationList;
			buildConfigurations = (
				74C3B7A72B3C7F2C00404C27 /* Debug */,
				74C3B7A82B3C7F2C00404C27 /* Release */,
			);
			defaultConfigurationIsVisible = 0;
			defaultConfigurationName = Release;
		};
		74C3B7A92B3C7F2C00404C27 /* Build configuration list for PBXNativeTarget "erovidaTests" */ = {
			isa = XCConfigurationList;
			buildConfigurations = (
				74C3B7AA2B3C7F2C00404C27 /* Debug */,
				74C3B7AB2B3C7F2C00404C27 /* Release */,
			);
			defaultConfigurationIsVisible = 0;
			defaultConfigurationName = Release;
		};
		74C3B7AC2B3C7F2C00404C27 /* Build configuration list for PBXNativeTarget "erovidaUITests" */ = {
			isa = XCConfigurationList;
			buildConfigurations = (
				74C3B7AD2B3C7F2C00404C27 /* Debug */,
				74C3B7AE2B3C7F2C00404C27 /* Release */,
			);
			defaultConfigurationIsVisible = 0;
			defaultConfigurationName = Release;
		};
/* End XCConfigurationList section */
	};
	rootObject = 74C3B77A2B3C7F2700404C27 /* Project object */;
}
